
Microsoft Visual Studio Solution File, Format Version 12.00
# Visual Studio Version 17
VisualStudioVersion = 17.0.32126.317
MinimumVisualStudioVersion = 10.0.40219.1
Project("{FAE04EC0-301F-11D3-BF4B-00C04F79EFBC}") = "Carzine", "Carzine\Carzine.csproj", "{C69194E6-988E-4E92-98FA-F6438AFDC600}"
EndProject
Global
	GlobalSection(SolutionConfigurationPlatforms) = preSolution
		Debug|Any CPU = Debug|Any CPU
		Release|Any CPU = Release|Any CPU
	EndGlobalSection
	GlobalSection(ProjectConfigurationPlatforms) = postSolution
		{C69194E6-988E-4E92-98FA-F6438AFDC600}.Debug|Any CPU.ActiveCfg = Debug|Any CPU
		{C69194E6-988E-4E92-98FA-F6438AFDC600}.Debug|Any CPU.Build.0 = Debug|Any CPU
		{C69194E6-988E-4E92-98FA-F6438AFDC600}.Release|Any CPU.ActiveCfg = Release|Any CPU
		{C69194E6-988E-4E92-98FA-F6438AFDC600}.Release|Any CPU.Build.0 = Release|Any CPU
	EndGlobalSection
	GlobalSection(SolutionProperties) = preSolution
		HideSolutionNode = FALSE
	EndGlobalSection
	GlobalSection(ExtensibilityGlobals) = postSolution
		SolutionGuid = {9077A774-EA5E-48C4-8649-9109869A8851}
	EndGlobalSection
EndGlobal
